
Microsoft Visual Studio Solution File, Format Version 12.00
# Visual Studio Version 16
VisualStudioVersion = 16.0.32510.428
MinimumVisualStudioVersion = 10.0.40219.1
Project("{FAE04EC0-301F-11D3-BF4B-00C04F79EFBC}") = "MyApp", "MyApp\MyApp.csproj", "{2A960BE6-A855-437D-A0C7-10D4C3D4B240}"
EndProject
Global
	GlobalSection(SolutionConfigurationPlatforms) = preSolution
		Debug|Any CPU = Debug|Any CPU
		Release|Any CPU = Release|Any CPU
	EndGlobalSection
	GlobalSection(ProjectConfigurationPlatforms) = postSolution
		{2A960BE6-A855-437D-A0C7-10D4C3D4B240}.Debug|Any CPU.ActiveCfg = Debug|Any CPU
		{2A960BE6-A855-437D-A0C7-10D4C3D4B240}.Debug|Any CPU.Build.0 = Debug|Any CPU
		{2A960BE6-A855-437D-A0C7-10D4C3D4B240}.Release|Any CPU.ActiveCfg = Release|Any CPU
		{2A960BE6-A855-437D-A0C7-10D4C3D4B240}.Release|Any CPU.Build.0 = Release|Any CPU
	EndGlobalSection
	GlobalSection(SolutionProperties) = preSolution
		HideSolutionNode = FALSE
	EndGlobalSection
	GlobalSection(ExtensibilityGlobals) = postSolution
		SolutionGuid = {C7F57FC2-8D6D-4D2B-B569-F52C5895AC0F}
	EndGlobalSection
EndGlobal
